
Microsoft Visual Studio Solution File, Format Version 12.00
# Visual Studio 15
VisualStudioVersion = 15.0.28307.168
MinimumVisualStudioVersion = 10.0.40219.1
Project("{9A19103F-16F7-4668-BE54-9A1E7A4F7556}") = "ServiceLayer", "src\ServiceLayer\ServiceLayer.csproj", "{2AA629B5-307A-49A9-83FC-D5EAD781B790}"
EndProject
Project("{FAE04EC0-301F-11D3-BF4B-00C04F79EFBC}") = "DomainLayer", "src\DomainLayer\DomainLayer.csproj", "{0FF59BF7-8DBC-4036-9EE5-6F20CCF66E5E}"
EndProject
Global
	GlobalSection(SolutionConfigurationPlatforms) = preSolution
		Debug|Any CPU = Debug|Any CPU
		Release|Any CPU = Release|Any CPU
	EndGlobalSection
	GlobalSection(ProjectConfigurationPlatforms) = postSolution
		{2AA629B5-307A-49A9-83FC-D5EAD781B790}.Debug|Any CPU.ActiveCfg = Debug|Any CPU
		{2AA629B5-307A-49A9-83FC-D5EAD781B790}.Debug|Any CPU.Build.0 = Debug|Any CPU
		{2AA629B5-307A-49A9-83FC-D5EAD781B790}.Release|Any CPU.ActiveCfg = Release|Any CPU
		{2AA629B5-307A-49A9-83FC-D5EAD781B790}.Release|Any CPU.Build.0 = Release|Any CPU
		{0FF59BF7-8DBC-4036-9EE5-6F20CCF66E5E}.Debug|Any CPU.ActiveCfg = Debug|Any CPU
		{0FF59BF7-8DBC-4036-9EE5-6F20CCF66E5E}.Debug|Any CPU.Build.0 = Debug|Any CPU
		{0FF59BF7-8DBC-4036-9EE5-6F20CCF66E5E}.Release|Any CPU.ActiveCfg = Release|Any CPU
		{0FF59BF7-8DBC-4036-9EE5-6F20CCF66E5E}.Release|Any CPU.Build.0 = Release|Any CPU
	EndGlobalSection
	GlobalSection(SolutionProperties) = preSolution
		HideSolutionNode = FALSE
	EndGlobalSection
	GlobalSection(ExtensibilityGlobals) = postSolution
		SolutionGuid = {EA672451-2924-4AEF-80CB-47D7865CF1ED}
	EndGlobalSection
EndGlobal
