Microsoft Visual Studio Solution File, Format Version 12.00
# Visual Studio 15
VisualStudioVersion = 15.0.26730.16
MinimumVisualStudioVersion = 10.0.40219.1
Project("{2150E333-8FDC-42A3-9474-1A3956D46DE8}") = "src", "src", "{419A6ACE-0419-4315-A6FB-B0E63D39432E}"
EndProject
Project("{9A19103F-16F7-4668-BE54-9A1E7A4F7556}") = "ServiceLayer", "src\ServiceLayer\ServiceLayer.csproj", "{7C461394-ABDC-43CD-A798-71249C58BA67}"
EndProject
Project("{9A19103F-16F7-4668-BE54-9A1E7A4F7556}") = "DomainLayer", "src\DomainLayer\DomainLayer.csproj", "{7FED7440-2311-4D1E-958B-3E887C585CD2}"
EndProject
Project("{2150E333-8FDC-42A3-9474-1A3956D46DE8}") = "tests", "tests", "{15EA4737-125B-4E6E-A806-E13B7EBCDCCF}"
EndProject
Project("{9A19103F-16F7-4668-BE54-9A1E7A4F7556}") = "AcceptanceTests", "tests\AcceptanceBridge\AcceptanceTests.csproj", "{CAD8A455-B7D1-4F8D-9248-25369F6DF43A}"
EndProject
Project("{9A19103F-16F7-4668-BE54-9A1E7A4F7556}") = "ATBridge", "tests\ATBridge\ATBridge.csproj", "{77E0831B-4530-4163-9F32-F76A975C10BF}"
EndProject
Project("{9A19103F-16F7-4668-BE54-9A1E7A4F7556}") = "IntegrationTests", "tests\IntegrationTests\IntegrationTests.csproj", "{F1048651-05C5-44CD-9FC3-BC6A82B89DB0}"
EndProject
Project("{9A19103F-16F7-4668-BE54-9A1E7A4F7556}") = "UnitTests", "UnitTests\UnitTests.csproj", "{320CBF07-EB99-4FF0-ABF2-4F735AE6E6A6}"
EndProject
Global
	GlobalSection(SolutionConfigurationPlatforms) = preSolution
		Debug|Any CPU = Debug|Any CPU
		Release|Any CPU = Release|Any CPU
	EndGlobalSection
	GlobalSection(ProjectConfigurationPlatforms) = postSolution
		{7C461394-ABDC-43CD-A798-71249C58BA67}.Debug|Any CPU.ActiveCfg = Debug|Any CPU
		{7C461394-ABDC-43CD-A798-71249C58BA67}.Debug|Any CPU.Build.0 = Debug|Any CPU
		{7C461394-ABDC-43CD-A798-71249C58BA67}.Release|Any CPU.ActiveCfg = Release|Any CPU
		{7C461394-ABDC-43CD-A798-71249C58BA67}.Release|Any CPU.Build.0 = Release|Any CPU
		{7FED7440-2311-4D1E-958B-3E887C585CD2}.Debug|Any CPU.ActiveCfg = Debug|Any CPU
		{7FED7440-2311-4D1E-958B-3E887C585CD2}.Debug|Any CPU.Build.0 = Debug|Any CPU
		{7FED7440-2311-4D1E-958B-3E887C585CD2}.Release|Any CPU.ActiveCfg = Release|Any CPU
		{7FED7440-2311-4D1E-958B-3E887C585CD2}.Release|Any CPU.Build.0 = Release|Any CPU
		{CAD8A455-B7D1-4F8D-9248-25369F6DF43A}.Debug|Any CPU.ActiveCfg = Debug|Any CPU
		{CAD8A455-B7D1-4F8D-9248-25369F6DF43A}.Debug|Any CPU.Build.0 = Debug|Any CPU
		{CAD8A455-B7D1-4F8D-9248-25369F6DF43A}.Release|Any CPU.ActiveCfg = Release|Any CPU
		{CAD8A455-B7D1-4F8D-9248-25369F6DF43A}.Release|Any CPU.Build.0 = Release|Any CPU
		{77E0831B-4530-4163-9F32-F76A975C10BF}.Debug|Any CPU.ActiveCfg = Debug|Any CPU
		{77E0831B-4530-4163-9F32-F76A975C10BF}.Debug|Any CPU.Build.0 = Debug|Any CPU
		{77E0831B-4530-4163-9F32-F76A975C10BF}.Release|Any CPU.ActiveCfg = Release|Any CPU
		{77E0831B-4530-4163-9F32-F76A975C10BF}.Release|Any CPU.Build.0 = Release|Any CPU
		{F1048651-05C5-44CD-9FC3-BC6A82B89DB0}.Debug|Any CPU.ActiveCfg = Debug|Any CPU
		{F1048651-05C5-44CD-9FC3-BC6A82B89DB0}.Debug|Any CPU.Build.0 = Debug|Any CPU
		{F1048651-05C5-44CD-9FC3-BC6A82B89DB0}.Release|Any CPU.ActiveCfg = Release|Any CPU
		{F1048651-05C5-44CD-9FC3-BC6A82B89DB0}.Release|Any CPU.Build.0 = Release|Any CPU
		{320CBF07-EB99-4FF0-ABF2-4F735AE6E6A6}.Debug|Any CPU.ActiveCfg = Debug|Any CPU
		{320CBF07-EB99-4FF0-ABF2-4F735AE6E6A6}.Debug|Any CPU.Build.0 = Debug|Any CPU
		{320CBF07-EB99-4FF0-ABF2-4F735AE6E6A6}.Release|Any CPU.ActiveCfg = Release|Any CPU
		{320CBF07-EB99-4FF0-ABF2-4F735AE6E6A6}.Release|Any CPU.Build.0 = Release|Any CPU
	EndGlobalSection
	GlobalSection(SolutionProperties) = preSolution
		HideSolutionNode = FALSE
	EndGlobalSection
	GlobalSection(NestedProjects) = preSolution
		{7C461394-ABDC-43CD-A798-71249C58BA67} = {419A6ACE-0419-4315-A6FB-B0E63D39432E}
		{7FED7440-2311-4D1E-958B-3E887C585CD2} = {419A6ACE-0419-4315-A6FB-B0E63D39432E}
		{CAD8A455-B7D1-4F8D-9248-25369F6DF43A} = {15EA4737-125B-4E6E-A806-E13B7EBCDCCF}
		{77E0831B-4530-4163-9F32-F76A975C10BF} = {15EA4737-125B-4E6E-A806-E13B7EBCDCCF}
		{F1048651-05C5-44CD-9FC3-BC6A82B89DB0} = {15EA4737-125B-4E6E-A806-E13B7EBCDCCF}
		{320CBF07-EB99-4FF0-ABF2-4F735AE6E6A6} = {15EA4737-125B-4E6E-A806-E13B7EBCDCCF}
	EndGlobalSection
	GlobalSection(ExtensibilityGlobals) = postSolution
		SolutionGuid = {49813262-5DA3-4D61-ABD3-493C74CE8C2B}
	EndGlobalSection
EndGlobal
